// !$*UTF8*$!
{
	archiveVersion = 1;
	classes = {
	};
	objectVersion = 50;
	objects = {

/* Begin PBXBuildFile section */
		9C14CCE620D2A622002B2621 /* User.swift in Sources */ = {isa = PBXBuildFile; fileRef = 9C14CCE520D2A622002B2621 /* User.swift */; };
		9C14CCE820D3F72D002B2621 /* Contact.swift in Sources */ = {isa = PBXBuildFile; fileRef = 9C14CCE720D3F72D002B2621 /* Contact.swift */; };
		9C15102420BC519100C05516 /* WishlistTableViewController.swift in Sources */ = {isa = PBXBuildFile; fileRef = 9C15102320BC519100C05516 /* WishlistTableViewController.swift */; };
		9C19724620BC555100BE1FEB /* MyAdsTableViewController.swift in Sources */ = {isa = PBXBuildFile; fileRef = 9C19724520BC555100BE1FEB /* MyAdsTableViewController.swift */; };
		9C2DEB4420D7D4E30039FE71 /* DetailAdTableViewController.swift in Sources */ = {isa = PBXBuildFile; fileRef = 9C2DEB4220D7D4E30039FE71 /* DetailAdTableViewController.swift */; };
		9C2DEB4820D7D67F0039FE71 /* MyDetailAdCell.swift in Sources */ = {isa = PBXBuildFile; fileRef = 9C2DEB4620D7D67F0039FE71 /* MyDetailAdCell.swift */; };
		9C2DEB4920D7D67F0039FE71 /* MyDetailAdCell.xib in Resources */ = {isa = PBXBuildFile; fileRef = 9C2DEB4720D7D67F0039FE71 /* MyDetailAdCell.xib */; };
		9C3DB9A320C584B600044563 /* MyNewAdCell.swift in Sources */ = {isa = PBXBuildFile; fileRef = 9C3DB9A120C584B600044563 /* MyNewAdCell.swift */; };
		9C3DB9A420C584B600044563 /* MyNewAdCell.xib in Resources */ = {isa = PBXBuildFile; fileRef = 9C3DB9A220C584B600044563 /* MyNewAdCell.xib */; };
		9C3DB9A620C5959A00044563 /* TypeOfPropertyTableViewController.swift in Sources */ = {isa = PBXBuildFile; fileRef = 9C3DB9A520C5959A00044563 /* TypeOfPropertyTableViewController.swift */; };
		9C3DB9AA20C5BA2E00044563 /* SettingsViewController.swift in Sources */ = {isa = PBXBuildFile; fileRef = 9C3DB9A920C5BA2E00044563 /* SettingsViewController.swift */; };
		9C4B290D20B6E72C00EE8A1B /* AppDelegate.swift in Sources */ = {isa = PBXBuildFile; fileRef = 9C4B290C20B6E72C00EE8A1B /* AppDelegate.swift */; };
		9C4B291220B6E72D00EE8A1B /* Main.storyboard in Resources */ = {isa = PBXBuildFile; fileRef = 9C4B291020B6E72D00EE8A1B /* Main.storyboard */; };
		9C4B291420B6E72D00EE8A1B /* Assets.xcassets in Resources */ = {isa = PBXBuildFile; fileRef = 9C4B291320B6E72D00EE8A1B /* Assets.xcassets */; };
		9C4B291720B6E72D00EE8A1B /* LaunchScreen.storyboard in Resources */ = {isa = PBXBuildFile; fileRef = 9C4B291520B6E72D00EE8A1B /* LaunchScreen.storyboard */; };
		9C4B292120B6E7D800EE8A1B /* GoogleService-Info.plist in Resources */ = {isa = PBXBuildFile; fileRef = 9C4B292020B6E7D800EE8A1B /* GoogleService-Info.plist */; };
		9C4B292720B714C700EE8A1B /* MapViewController.swift in Sources */ = {isa = PBXBuildFile; fileRef = 9C4B292620B714C700EE8A1B /* MapViewController.swift */; };
		9C4B292920B71ACB00EE8A1B /* ListTableViewController.swift in Sources */ = {isa = PBXBuildFile; fileRef = 9C4B292820B71ACB00EE8A1B /* ListTableViewController.swift */; };
		9C4B292C20B856F900EE8A1B /* LoginViewController.swift in Sources */ = {isa = PBXBuildFile; fileRef = 9C4B292B20B856F900EE8A1B /* LoginViewController.swift */; };
		9C4B293020B8731100EE8A1B /* SignUpViewController.swift in Sources */ = {isa = PBXBuildFile; fileRef = 9C4B292F20B8731100EE8A1B /* SignUpViewController.swift */; };
		9C5891E820BDEF2F0098235C /* NewAdTableViewController.swift in Sources */ = {isa = PBXBuildFile; fileRef = 9C5891E720BDEF2F0098235C /* NewAdTableViewController.swift */; };
		9C910DED20C5C9E500506B3F /* AboutViewController.swift in Sources */ = {isa = PBXBuildFile; fileRef = 9C910DEC20C5C9E500506B3F /* AboutViewController.swift */; };
		9C94723F20C7166F00665DA7 /* Ad.swift in Sources */ = {isa = PBXBuildFile; fileRef = 9C94723E20C7166F00665DA7 /* Ad.swift */; };
		9C94724120C7173100665DA7 /* Address.swift in Sources */ = {isa = PBXBuildFile; fileRef = 9C94724020C7173100665DA7 /* Address.swift */; };
		9C94724320C7188A00665DA7 /* TypeOfAd.swift in Sources */ = {isa = PBXBuildFile; fileRef = 9C94724220C7188A00665DA7 /* TypeOfAd.swift */; };
		9CA2992420CAD2B000A8E500 /* AdAnnotation.swift in Sources */ = {isa = PBXBuildFile; fileRef = 9CA2992320CAD2B000A8E500 /* AdAnnotation.swift */; };
		9CDC2E1A2100E52E0078849C /* TypeOfProperty.swift in Sources */ = {isa = PBXBuildFile; fileRef = 9CDC2E192100E52E0078849C /* TypeOfProperty.swift */; };
		9CE4CCC120C18ABC00CC7007 /* MyAdCell.swift in Sources */ = {isa = PBXBuildFile; fileRef = 9CE4CCBF20C18ABC00CC7007 /* MyAdCell.swift */; };
		9CE4CCC220C18ABC00CC7007 /* MyAdCell.xib in Resources */ = {isa = PBXBuildFile; fileRef = 9CE4CCC020C18ABC00CC7007 /* MyAdCell.xib */; };
		9CE4CCCB20C2087400CC7007 /* MenuViewController.swift in Sources */ = {isa = PBXBuildFile; fileRef = 9CE4CCCA20C2087400CC7007 /* MenuViewController.swift */; };
		E590A76DB15DAED5F8D10F08 /* Pods_LifeHome.framework in Frameworks */ = {isa = PBXBuildFile; fileRef = 2E2E1E3FA39609F1998A203A /* Pods_LifeHome.framework */; };
/* End PBXBuildFile section */

/* Begin PBXFileReference section */
		09BB835A7A2ADA7B5EDFAAC1 /* Pods-LifeHome.debug.xcconfig */ = {isa = PBXFileReference; includeInIndex = 1; lastKnownFileType = text.xcconfig; name = "Pods-LifeHome.debug.xcconfig"; path = "Pods/Target Support Files/Pods-LifeHome/Pods-LifeHome.debug.xcconfig"; sourceTree = "<group>"; };
		2E2E1E3FA39609F1998A203A /* Pods_LifeHome.framework */ = {isa = PBXFileReference; explicitFileType = wrapper.framework; includeInIndex = 0; path = Pods_LifeHome.framework; sourceTree = BUILT_PRODUCTS_DIR; };
		837495C06E71305CD57D74D2 /* Pods-LifeHome.release.xcconfig */ = {isa = PBXFileReference; includeInIndex = 1; lastKnownFileType = text.xcconfig; name = "Pods-LifeHome.release.xcconfig"; path = "Pods/Target Support Files/Pods-LifeHome/Pods-LifeHome.release.xcconfig"; sourceTree = "<group>"; };
		9C14CCE520D2A622002B2621 /* User.swift */ = {isa = PBXFileReference; lastKnownFileType = sourcecode.swift; path = User.swift; sourceTree = "<group>"; };
		9C14CCE720D3F72D002B2621 /* Contact.swift */ = {isa = PBXFileReference; lastKnownFileType = sourcecode.swift; path = Contact.swift; sourceTree = "<group>"; };
		9C15102320BC519100C05516 /* WishlistTableViewController.swift */ = {isa = PBXFileReference; lastKnownFileType = sourcecode.swift; path = WishlistTableViewController.swift; sourceTree = "<group>"; };
		9C19724520BC555100BE1FEB /* MyAdsTableViewController.swift */ = {isa = PBXFileReference; lastKnownFileType = sourcecode.swift; path = MyAdsTableViewController.swift; sourceTree = "<group>"; };
		9C2DEB4220D7D4E30039FE71 /* DetailAdTableViewController.swift */ = {isa = PBXFileReference; lastKnownFileType = sourcecode.swift; path = DetailAdTableViewController.swift; sourceTree = "<group>"; };
		9C2DEB4620D7D67F0039FE71 /* MyDetailAdCell.swift */ = {isa = PBXFileReference; lastKnownFileType = sourcecode.swift; path = MyDetailAdCell.swift; sourceTree = "<group>"; };
		9C2DEB4720D7D67F0039FE71 /* MyDetailAdCell.xib */ = {isa = PBXFileReference; lastKnownFileType = file.xib; path = MyDetailAdCell.xib; sourceTree = "<group>"; };
		9C3DB9A120C584B600044563 /* MyNewAdCell.swift */ = {isa = PBXFileReference; lastKnownFileType = sourcecode.swift; path = MyNewAdCell.swift; sourceTree = "<group>"; };
		9C3DB9A220C584B600044563 /* MyNewAdCell.xib */ = {isa = PBXFileReference; lastKnownFileType = file.xib; path = MyNewAdCell.xib; sourceTree = "<group>"; };
		9C3DB9A520C5959A00044563 /* TypeOfPropertyTableViewController.swift */ = {isa = PBXFileReference; lastKnownFileType = sourcecode.swift; path = TypeOfPropertyTableViewController.swift; sourceTree = "<group>"; };
		9C3DB9A920C5BA2E00044563 /* SettingsViewController.swift */ = {isa = PBXFileReference; lastKnownFileType = sourcecode.swift; path = SettingsViewController.swift; sourceTree = "<group>"; };
		9C4B290920B6E72C00EE8A1B /* LifeHome.app */ = {isa = PBXFileReference; explicitFileType = wrapper.application; includeInIndex = 0; path = LifeHome.app; sourceTree = BUILT_PRODUCTS_DIR; };
		9C4B290C20B6E72C00EE8A1B /* AppDelegate.swift */ = {isa = PBXFileReference; lastKnownFileType = sourcecode.swift; path = AppDelegate.swift; sourceTree = "<group>"; };
		9C4B291120B6E72D00EE8A1B /* Base */ = {isa = PBXFileReference; lastKnownFileType = file.storyboard; name = Base; path = Base.lproj/Main.storyboard; sourceTree = "<group>"; };
		9C4B291320B6E72D00EE8A1B /* Assets.xcassets */ = {isa = PBXFileReference; lastKnownFileType = folder.assetcatalog; path = Assets.xcassets; sourceTree = "<group>"; };
		9C4B291620B6E72D00EE8A1B /* Base */ = {isa = PBXFileReference; lastKnownFileType = file.storyboard; name = Base; path = Base.lproj/LaunchScreen.storyboard; sourceTree = "<group>"; };
		9C4B291820B6E72D00EE8A1B /* Info.plist */ = {isa = PBXFileReference; lastKnownFileType = text.plist.xml; path = Info.plist; sourceTree = "<group>"; };
		9C4B292020B6E7D800EE8A1B /* GoogleService-Info.plist */ = {isa = PBXFileReference; fileEncoding = 4; lastKnownFileType = text.plist.xml; path = "GoogleService-Info.plist"; sourceTree = "<group>"; };
		9C4B292620B714C700EE8A1B /* MapViewController.swift */ = {isa = PBXFileReference; lastKnownFileType = sourcecode.swift; path = MapViewController.swift; sourceTree = "<group>"; };
		9C4B292820B71ACB00EE8A1B /* ListTableViewController.swift */ = {isa = PBXFileReference; lastKnownFileType = sourcecode.swift; path = ListTableViewController.swift; sourceTree = "<group>"; };
		9C4B292B20B856F900EE8A1B /* LoginViewController.swift */ = {isa = PBXFileReference; lastKnownFileType = sourcecode.swift; path = LoginViewController.swift; sourceTree = "<group>"; };
		9C4B292F20B8731100EE8A1B /* SignUpViewController.swift */ = {isa = PBXFileReference; lastKnownFileType = sourcecode.swift; path = SignUpViewController.swift; sourceTree = "<group>"; };
		9C5891E720BDEF2F0098235C /* NewAdTableViewController.swift */ = {isa = PBXFileReference; lastKnownFileType = sourcecode.swift; path = NewAdTableViewController.swift; sourceTree = "<group>"; };
		9C910DEC20C5C9E500506B3F /* AboutViewController.swift */ = {isa = PBXFileReference; lastKnownFileType = sourcecode.swift; path = AboutViewController.swift; sourceTree = "<group>"; };
		9C94723E20C7166F00665DA7 /* Ad.swift */ = {isa = PBXFileReference; lastKnownFileType = sourcecode.swift; path = Ad.swift; sourceTree = "<group>"; };
		9C94724020C7173100665DA7 /* Address.swift */ = {isa = PBXFileReference; lastKnownFileType = sourcecode.swift; path = Address.swift; sourceTree = "<group>"; };
		9C94724220C7188A00665DA7 /* TypeOfAd.swift */ = {isa = PBXFileReference; lastKnownFileType = sourcecode.swift; path = TypeOfAd.swift; sourceTree = "<group>"; };
		9CA2992320CAD2B000A8E500 /* AdAnnotation.swift */ = {isa = PBXFileReference; lastKnownFileType = sourcecode.swift; path = AdAnnotation.swift; sourceTree = "<group>"; };
		9CA2992520CAD4A900A8E500 /* Montreal.gpx */ = {isa = PBXFileReference; lastKnownFileType = text.xml; path = Montreal.gpx; sourceTree = "<group>"; };
		9CDC2E192100E52E0078849C /* TypeOfProperty.swift */ = {isa = PBXFileReference; lastKnownFileType = sourcecode.swift; path = TypeOfProperty.swift; sourceTree = "<group>"; };
		9CE4CCBF20C18ABC00CC7007 /* MyAdCell.swift */ = {isa = PBXFileReference; lastKnownFileType = sourcecode.swift; path = MyAdCell.swift; sourceTree = "<group>"; };
		9CE4CCC020C18ABC00CC7007 /* MyAdCell.xib */ = {isa = PBXFileReference; lastKnownFileType = file.xib; path = MyAdCell.xib; sourceTree = "<group>"; };
		9CE4CCC320C1E91A00CC7007 /* LifeHome-Bridging-Header.h */ = {isa = PBXFileReference; lastKnownFileType = sourcecode.c.h; path = "LifeHome-Bridging-Header.h"; sourceTree = "<group>"; };
		9CE4CCCA20C2087400CC7007 /* MenuViewController.swift */ = {isa = PBXFileReference; lastKnownFileType = sourcecode.swift; path = MenuViewController.swift; sourceTree = "<group>"; };
/* End PBXFileReference section */

/* Begin PBXFrameworksBuildPhase section */
		9C4B290620B6E72C00EE8A1B /* Frameworks */ = {
			isa = PBXFrameworksBuildPhase;
			buildActionMask = 2147483647;
			files = (
				E590A76DB15DAED5F8D10F08 /* Pods_LifeHome.framework in Frameworks */,
			);
			runOnlyForDeploymentPostprocessing = 0;
		};
/* End PBXFrameworksBuildPhase section */

/* Begin PBXGroup section */
		3F7E32C1A285D43E36BCB906 /* Pods */ = {
			isa = PBXGroup;
			children = (
				09BB835A7A2ADA7B5EDFAAC1 /* Pods-LifeHome.debug.xcconfig */,
				837495C06E71305CD57D74D2 /* Pods-LifeHome.release.xcconfig */,
			);
			name = Pods;
			sourceTree = "<group>";
		};
		9C15102220BC515500C05516 /* Wishlist */ = {
			isa = PBXGroup;
			children = (
				9C15102320BC519100C05516 /* WishlistTableViewController.swift */,
			);
			path = Wishlist;
			sourceTree = "<group>";
		};
		9C19724420BC553D00BE1FEB /* My Ads */ = {
			isa = PBXGroup;
			children = (
				9C19724520BC555100BE1FEB /* MyAdsTableViewController.swift */,
				9C5891E720BDEF2F0098235C /* NewAdTableViewController.swift */,
				9C3DB9A520C5959A00044563 /* TypeOfPropertyTableViewController.swift */,
			);
			path = "My Ads";
			sourceTree = "<group>";
		};
		9C4B290020B6E72C00EE8A1B = {
			isa = PBXGroup;
			children = (
				9C4B290B20B6E72C00EE8A1B /* LifeHome */,
				9C4B290A20B6E72C00EE8A1B /* Products */,
				3F7E32C1A285D43E36BCB906 /* Pods */,
				CB06E3A5390E9156FA67F599 /* Frameworks */,
			);
			sourceTree = "<group>";
		};
		9C4B290A20B6E72C00EE8A1B /* Products */ = {
			isa = PBXGroup;
			children = (
				9C4B290920B6E72C00EE8A1B /* LifeHome.app */,
			);
			name = Products;
			sourceTree = "<group>";
		};
		9C4B290B20B6E72C00EE8A1B /* LifeHome */ = {
			isa = PBXGroup;
			children = (
				9CE4CCC320C1E91A00CC7007 /* LifeHome-Bridging-Header.h */,
				9C4B291320B6E72D00EE8A1B /* Assets.xcassets */,
				9C4B292520B703E900EE8A1B /* Controller */,
				9C4B292420B703DE00EE8A1B /* Model */,
				9C4B290C20B6E72C00EE8A1B /* AppDelegate.swift */,
				9C4B292320B7022800EE8A1B /* View */,
				9C4B292220B7021900EE8A1B /* Plist */,
			);
			path = LifeHome;
			sourceTree = "<group>";
		};
		9C4B292220B7021900EE8A1B /* Plist */ = {
			isa = PBXGroup;
			children = (
				9C4B291820B6E72D00EE8A1B /* Info.plist */,
				9C4B292020B6E7D800EE8A1B /* GoogleService-Info.plist */,
			);
			path = Plist;
			sourceTree = "<group>";
		};
		9C4B292320B7022800EE8A1B /* View */ = {
			isa = PBXGroup;
			children = (
				9C4B291020B6E72D00EE8A1B /* Main.storyboard */,
				9C4B291520B6E72D00EE8A1B /* LaunchScreen.storyboard */,
			);
			path = View;
			sourceTree = "<group>";
		};
		9C4B292420B703DE00EE8A1B /* Model */ = {
			isa = PBXGroup;
			children = (
				9C94723E20C7166F00665DA7 /* Ad.swift */,
				9C14CCE520D2A622002B2621 /* User.swift */,
				9C94724020C7173100665DA7 /* Address.swift */,
				9C94724220C7188A00665DA7 /* TypeOfAd.swift */,
				9C14CCE720D3F72D002B2621 /* Contact.swift */,
				9CDC2E192100E52E0078849C /* TypeOfProperty.swift */,
			);
			path = Model;
			sourceTree = "<group>";
		};
		9C4B292520B703E900EE8A1B /* Controller */ = {
			isa = PBXGroup;
			children = (
				9CE4CCC720C204EC00CC7007 /* Menu */,
				9CE4CCB620C1870800CC7007 /* Cells */,
				9C19724420BC553D00BE1FEB /* My Ads */,
				9C15102220BC515500C05516 /* Wishlist */,
				9C4B292E20B8571600EE8A1B /* List */,
				9C4B292D20B8570B00EE8A1B /* Map */,
				9C4B292A20B856D200EE8A1B /* Login */,
			);
			path = Controller;
			sourceTree = "<group>";
		};
		9C4B292A20B856D200EE8A1B /* Login */ = {
			isa = PBXGroup;
			children = (
				9C4B292B20B856F900EE8A1B /* LoginViewController.swift */,
				9C4B292F20B8731100EE8A1B /* SignUpViewController.swift */,
			);
			path = Login;
			sourceTree = "<group>";
		};
		9C4B292D20B8570B00EE8A1B /* Map */ = {
			isa = PBXGroup;
			children = (
				9C4B292620B714C700EE8A1B /* MapViewController.swift */,
				9CA2992320CAD2B000A8E500 /* AdAnnotation.swift */,
				9CA2992520CAD4A900A8E500 /* Montreal.gpx */,
			);
			path = Map;
			sourceTree = "<group>";
		};
		9C4B292E20B8571600EE8A1B /* List */ = {
			isa = PBXGroup;
			children = (
				9C4B292820B71ACB00EE8A1B /* ListTableViewController.swift */,
				9C2DEB4220D7D4E30039FE71 /* DetailAdTableViewController.swift */,
			);
			path = List;
			sourceTree = "<group>";
		};
		9C4B293420B8B22100EE8A1B /* Settings */ = {
			isa = PBXGroup;
			children = (
				9C3DB9A920C5BA2E00044563 /* SettingsViewController.swift */,
			);
			path = Settings;
			sourceTree = "<group>";
		};
		9C910DEB20C5C9D200506B3F /* About */ = {
			isa = PBXGroup;
			children = (
				9C910DEC20C5C9E500506B3F /* AboutViewController.swift */,
			);
			path = About;
			sourceTree = "<group>";
		};
		9CE4CCB620C1870800CC7007 /* Cells */ = {
			isa = PBXGroup;
			children = (
				9C3DB9A120C584B600044563 /* MyNewAdCell.swift */,
				9C3DB9A220C584B600044563 /* MyNewAdCell.xib */,
				9CE4CCBF20C18ABC00CC7007 /* MyAdCell.swift */,
				9CE4CCC020C18ABC00CC7007 /* MyAdCell.xib */,
				9C2DEB4620D7D67F0039FE71 /* MyDetailAdCell.swift */,
				9C2DEB4720D7D67F0039FE71 /* MyDetailAdCell.xib */,
			);
			path = Cells;
			sourceTree = "<group>";
		};
		9CE4CCC720C204EC00CC7007 /* Menu */ = {
			isa = PBXGroup;
			children = (
				9CE4CCCA20C2087400CC7007 /* MenuViewController.swift */,
				9C910DEB20C5C9D200506B3F /* About */,
				9C4B293420B8B22100EE8A1B /* Settings */,
			);
			path = Menu;
			sourceTree = "<group>";
		};
		CB06E3A5390E9156FA67F599 /* Frameworks */ = {
			isa = PBXGroup;
			children = (
				2E2E1E3FA39609F1998A203A /* Pods_LifeHome.framework */,
			);
			name = Frameworks;
			sourceTree = "<group>";
		};
/* End PBXGroup section */

/* Begin PBXNativeTarget section */
		9C4B290820B6E72C00EE8A1B /* LifeHome */ = {
			isa = PBXNativeTarget;
			buildConfigurationList = 9C4B291B20B6E72D00EE8A1B /* Build configuration list for PBXNativeTarget "LifeHome" */;
			buildPhases = (
				AA1425F5E65192B14BBA0EDC /* [CP] Check Pods Manifest.lock */,
				9C4B290520B6E72C00EE8A1B /* Sources */,
				9C4B290620B6E72C00EE8A1B /* Frameworks */,
				9C4B290720B6E72C00EE8A1B /* Resources */,
				9E03A9C16D64A198F82CE679 /* [CP] Embed Pods Frameworks */,
			);
			buildRules = (
			);
			dependencies = (
			);
			name = LifeHome;
			productName = LifeHome;
			productReference = 9C4B290920B6E72C00EE8A1B /* LifeHome.app */;
			productType = "com.apple.product-type.application";
		};
/* End PBXNativeTarget section */

/* Begin PBXProject section */
		9C4B290120B6E72C00EE8A1B /* Project object */ = {
			isa = PBXProject;
			attributes = {
				LastSwiftUpdateCheck = 0930;
				LastUpgradeCheck = 0930;
				ORGANIZATIONNAME = "Leandro Oliveira";
				TargetAttributes = {
					9C4B290820B6E72C00EE8A1B = {
						CreatedOnToolsVersion = 9.3.1;
						LastSwiftMigration = 0930;
						SystemCapabilities = {
							com.apple.Keychain = {
								enabled = 0;
							};
						};
					};
				};
			};
			buildConfigurationList = 9C4B290420B6E72C00EE8A1B /* Build configuration list for PBXProject "LifeHome" */;
			compatibilityVersion = "Xcode 9.3";
			developmentRegion = en;
			hasScannedForEncodings = 0;
			knownRegions = (
				en,
				Base,
			);
			mainGroup = 9C4B290020B6E72C00EE8A1B;
			productRefGroup = 9C4B290A20B6E72C00EE8A1B /* Products */;
			projectDirPath = "";
			projectRoot = "";
			targets = (
				9C4B290820B6E72C00EE8A1B /* LifeHome */,
			);
		};
/* End PBXProject section */

/* Begin PBXResourcesBuildPhase section */
		9C4B290720B6E72C00EE8A1B /* Resources */ = {
			isa = PBXResourcesBuildPhase;
			buildActionMask = 2147483647;
			files = (
				9C4B291720B6E72D00EE8A1B /* LaunchScreen.storyboard in Resources */,
				9C4B292120B6E7D800EE8A1B /* GoogleService-Info.plist in Resources */,
				9C4B291420B6E72D00EE8A1B /* Assets.xcassets in Resources */,
				9CE4CCC220C18ABC00CC7007 /* MyAdCell.xib in Resources */,
				9C4B291220B6E72D00EE8A1B /* Main.storyboard in Resources */,
				9C3DB9A420C584B600044563 /* MyNewAdCell.xib in Resources */,
				9C2DEB4920D7D67F0039FE71 /* MyDetailAdCell.xib in Resources */,
			);
			runOnlyForDeploymentPostprocessing = 0;
		};
/* End PBXResourcesBuildPhase section */

/* Begin PBXShellScriptBuildPhase section */
		9E03A9C16D64A198F82CE679 /* [CP] Embed Pods Frameworks */ = {
			isa = PBXShellScriptBuildPhase;
			buildActionMask = 2147483647;
			files = (
			);
			inputPaths = (
				"${SRCROOT}/Pods/Target Support Files/Pods-LifeHome/Pods-LifeHome-frameworks.sh",
				"${BUILT_PRODUCTS_DIR}/Bolts/Bolts.framework",
				"${BUILT_PRODUCTS_DIR}/FBSDKCoreKit/FBSDKCoreKit.framework",
				"${BUILT_PRODUCTS_DIR}/FBSDKLoginKit/FBSDKLoginKit.framework",
				"${BUILT_PRODUCTS_DIR}/GTMSessionFetcher/GTMSessionFetcher.framework",
				"${BUILT_PRODUCTS_DIR}/GoogleToolboxForMac/GoogleToolboxForMac.framework",
				"${BUILT_PRODUCTS_DIR}/KRActivityIndicatorView/KRActivityIndicatorView.framework",
				"${BUILT_PRODUCTS_DIR}/KRProgressHUD/KRProgressHUD.framework",
				"${BUILT_PRODUCTS_DIR}/Kingfisher/Kingfisher.framework",
				"${BUILT_PRODUCTS_DIR}/SDWebImage/SDWebImage.framework",
				"${BUILT_PRODUCTS_DIR}/SWRevealViewController/SWRevealViewController.framework",
				"${BUILT_PRODUCTS_DIR}/leveldb-library/leveldb.framework",
				"${BUILT_PRODUCTS_DIR}/nanopb/nanopb.framework",
			);
			name = "[CP] Embed Pods Frameworks";
			outputPaths = (
				"${TARGET_BUILD_DIR}/${FRAMEWORKS_FOLDER_PATH}/Bolts.framework",
				"${TARGET_BUILD_DIR}/${FRAMEWORKS_FOLDER_PATH}/FBSDKCoreKit.framework",
				"${TARGET_BUILD_DIR}/${FRAMEWORKS_FOLDER_PATH}/FBSDKLoginKit.framework",
				"${TARGET_BUILD_DIR}/${FRAMEWORKS_FOLDER_PATH}/GTMSessionFetcher.framework",
				"${TARGET_BUILD_DIR}/${FRAMEWORKS_FOLDER_PATH}/GoogleToolboxForMac.framework",
				"${TARGET_BUILD_DIR}/${FRAMEWORKS_FOLDER_PATH}/KRActivityIndicatorView.framework",
				"${TARGET_BUILD_DIR}/${FRAMEWORKS_FOLDER_PATH}/KRProgressHUD.framework",
				"${TARGET_BUILD_DIR}/${FRAMEWORKS_FOLDER_PATH}/Kingfisher.framework",
				"${TARGET_BUILD_DIR}/${FRAMEWORKS_FOLDER_PATH}/SDWebImage.framework",
				"${TARGET_BUILD_DIR}/${FRAMEWORKS_FOLDER_PATH}/SWRevealViewController.framework",
				"${TARGET_BUILD_DIR}/${FRAMEWORKS_FOLDER_PATH}/leveldb.framework",
				"${TARGET_BUILD_DIR}/${FRAMEWORKS_FOLDER_PATH}/nanopb.framework",
			);
			runOnlyForDeploymentPostprocessing = 0;
			shellPath = /bin/sh;
			shellScript = "\"${SRCROOT}/Pods/Target Support Files/Pods-LifeHome/Pods-LifeHome-frameworks.sh\"\n";
			showEnvVarsInLog = 0;
		};
		AA1425F5E65192B14BBA0EDC /* [CP] Check Pods Manifest.lock */ = {
			isa = PBXShellScriptBuildPhase;
			buildActionMask = 2147483647;
			files = (
			);
			inputPaths = (
				"${PODS_PODFILE_DIR_PATH}/Podfile.lock",
				"${PODS_ROOT}/Manifest.lock",
			);
			name = "[CP] Check Pods Manifest.lock";
			outputPaths = (
				"$(DERIVED_FILE_DIR)/Pods-LifeHome-checkManifestLockResult.txt",
			);
			runOnlyForDeploymentPostprocessing = 0;
			shellPath = /bin/sh;
			shellScript = "diff \"${PODS_PODFILE_DIR_PATH}/Podfile.lock\" \"${PODS_ROOT}/Manifest.lock\" > /dev/null\nif [ $? != 0 ] ; then\n    # print error to STDERR\n    echo \"error: The sandbox is not in sync with the Podfile.lock. Run 'pod install' or update your CocoaPods installation.\" >&2\n    exit 1\nfi\n# This output is used by Xcode 'outputs' to avoid re-running this script phase.\necho \"SUCCESS\" > \"${SCRIPT_OUTPUT_FILE_0}\"\n";
			showEnvVarsInLog = 0;
		};
/* End PBXShellScriptBuildPhase section */

/* Begin PBXSourcesBuildPhase section */
		9C4B290520B6E72C00EE8A1B /* Sources */ = {
			isa = PBXSourcesBuildPhase;
			buildActionMask = 2147483647;
			files = (
				9CDC2E1A2100E52E0078849C /* TypeOfProperty.swift in Sources */,
				9C4B292C20B856F900EE8A1B /* LoginViewController.swift in Sources */,
				9C4B292920B71ACB00EE8A1B /* ListTableViewController.swift in Sources */,
				9CE4CCC120C18ABC00CC7007 /* MyAdCell.swift in Sources */,
				9C14CCE820D3F72D002B2621 /* Contact.swift in Sources */,
				9C15102420BC519100C05516 /* WishlistTableViewController.swift in Sources */,
				9C5891E820BDEF2F0098235C /* NewAdTableViewController.swift in Sources */,
				9C3DB9A320C584B600044563 /* MyNewAdCell.swift in Sources */,
				9C4B290D20B6E72C00EE8A1B /* AppDelegate.swift in Sources */,
				9C14CCE620D2A622002B2621 /* User.swift in Sources */,
				9C2DEB4820D7D67F0039FE71 /* MyDetailAdCell.swift in Sources */,
				9C94723F20C7166F00665DA7 /* Ad.swift in Sources */,
				9C94724320C7188A00665DA7 /* TypeOfAd.swift in Sources */,
				9CE4CCCB20C2087400CC7007 /* MenuViewController.swift in Sources */,
				9C19724620BC555100BE1FEB /* MyAdsTableViewController.swift in Sources */,
				9C3DB9A620C5959A00044563 /* TypeOfPropertyTableViewController.swift in Sources */,
				9C94724120C7173100665DA7 /* Address.swift in Sources */,
				9C910DED20C5C9E500506B3F /* AboutViewController.swift in Sources */,
				9C2DEB4420D7D4E30039FE71 /* DetailAdTableViewController.swift in Sources */,
				9C3DB9AA20C5BA2E00044563 /* SettingsViewController.swift in Sources */,
				9CA2992420CAD2B000A8E500 /* AdAnnotation.swift in Sources */,
				9C4B292720B714C700EE8A1B /* MapViewController.swift in Sources */,
				9C4B293020B8731100EE8A1B /* SignUpViewController.swift in Sources */,
			);
			runOnlyForDeploymentPostprocessing = 0;
		};
/* End PBXSourcesBuildPhase section */

/* Begin PBXVariantGroup section */
		9C4B291020B6E72D00EE8A1B /* Main.storyboard */ = {
			isa = PBXVariantGroup;
			children = (
				9C4B291120B6E72D00EE8A1B /* Base */,
			);
			name = Main.storyboard;
			sourceTree = "<group>";
		};
		9C4B291520B6E72D00EE8A1B /* LaunchScreen.storyboard */ = {
			isa = PBXVariantGroup;
			children = (
				9C4B291620B6E72D00EE8A1B /* Base */,
			);
			name = LaunchScreen.storyboard;
			sourceTree = "<group>";
		};
/* End PBXVariantGroup section */

/* Begin XCBuildConfiguration section */
		9C4B291920B6E72D00EE8A1B /* Debug */ = {
			isa = XCBuildConfiguration;
			buildSettings = {
				ALWAYS_SEARCH_USER_PATHS = NO;
				CLANG_ANALYZER_NONNULL = YES;
				CLANG_ANALYZER_NUMBER_OBJECT_CONVERSION = YES_AGGRESSIVE;
				CLANG_CXX_LANGUAGE_STANDARD = "gnu++14";
				CLANG_CXX_LIBRARY = "libc++";
				CLANG_ENABLE_MODULES = YES;
				CLANG_ENABLE_OBJC_ARC = YES;
				CLANG_ENABLE_OBJC_WEAK = YES;
				CLANG_WARN_BLOCK_CAPTURE_AUTORELEASING = YES;
				CLANG_WARN_BOOL_CONVERSION = YES;
				CLANG_WARN_COMMA = YES;
				CLANG_WARN_CONSTANT_CONVERSION = YES;
				CLANG_WARN_DEPRECATED_OBJC_IMPLEMENTATIONS = YES;
				CLANG_WARN_DIRECT_OBJC_ISA_USAGE = YES_ERROR;
				CLANG_WARN_DOCUMENTATION_COMMENTS = YES;
				CLANG_WARN_EMPTY_BODY = YES;
				CLANG_WARN_ENUM_CONVERSION = YES;
				CLANG_WARN_INFINITE_RECURSION = YES;
				CLANG_WARN_INT_CONVERSION = YES;
				CLANG_WARN_NON_LITERAL_NULL_CONVERSION = YES;
				CLANG_WARN_OBJC_IMPLICIT_RETAIN_SELF = YES;
				CLANG_WARN_OBJC_LITERAL_CONVERSION = YES;
				CLANG_WARN_OBJC_ROOT_CLASS = YES_ERROR;
				CLANG_WARN_RANGE_LOOP_ANALYSIS = YES;
				CLANG_WARN_STRICT_PROTOTYPES = YES;
				CLANG_WARN_SUSPICIOUS_MOVE = YES;
				CLANG_WARN_UNGUARDED_AVAILABILITY = YES_AGGRESSIVE;
				CLANG_WARN_UNREACHABLE_CODE = YES;
				CLANG_WARN__DUPLICATE_METHOD_MATCH = YES;
				CODE_SIGN_IDENTITY = "iPhone Developer";
				COPY_PHASE_STRIP = NO;
				DEBUG_INFORMATION_FORMAT = dwarf;
				ENABLE_STRICT_OBJC_MSGSEND = YES;
				ENABLE_TESTABILITY = YES;
				GCC_C_LANGUAGE_STANDARD = gnu11;
				GCC_DYNAMIC_NO_PIC = NO;
				GCC_NO_COMMON_BLOCKS = YES;
				GCC_OPTIMIZATION_LEVEL = 0;
				GCC_PREPROCESSOR_DEFINITIONS = (
					"DEBUG=1",
					"$(inherited)",
				);
				GCC_WARN_64_TO_32_BIT_CONVERSION = YES;
				GCC_WARN_ABOUT_RETURN_TYPE = YES_ERROR;
				GCC_WARN_UNDECLARED_SELECTOR = YES;
				GCC_WARN_UNINITIALIZED_AUTOS = YES_AGGRESSIVE;
				GCC_WARN_UNUSED_FUNCTION = YES;
				GCC_WARN_UNUSED_VARIABLE = YES;
				IPHONEOS_DEPLOYMENT_TARGET = 11.3;
				MTL_ENABLE_DEBUG_INFO = YES;
				ONLY_ACTIVE_ARCH = YES;
				SDKROOT = iphoneos;
				SWIFT_ACTIVE_COMPILATION_CONDITIONS = DEBUG;
				SWIFT_OPTIMIZATION_LEVEL = "-Onone";
			};
			name = Debug;
		};
		9C4B291A20B6E72D00EE8A1B /* Release */ = {
			isa = XCBuildConfiguration;
			buildSettings = {
				ALWAYS_SEARCH_USER_PATHS = NO;
				CLANG_ANALYZER_NONNULL = YES;
				CLANG_ANALYZER_NUMBER_OBJECT_CONVERSION = YES_AGGRESSIVE;
				CLANG_CXX_LANGUAGE_STANDARD = "gnu++14";
				CLANG_CXX_LIBRARY = "libc++";
				CLANG_ENABLE_MODULES = YES;
				CLANG_ENABLE_OBJC_ARC = YES;
				CLANG_ENABLE_OBJC_WEAK = YES;
				CLANG_WARN_BLOCK_CAPTURE_AUTORELEASING = YES;
				CLANG_WARN_BOOL_CONVERSION = YES;
				CLANG_WARN_COMMA = YES;
				CLANG_WARN_CONSTANT_CONVERSION = YES;
				CLANG_WARN_DEPRECATED_OBJC_IMPLEMENTATIONS = YES;
				CLANG_WARN_DIRECT_OBJC_ISA_USAGE = YES_ERROR;
				CLANG_WARN_DOCUMENTATION_COMMENTS = YES;
				CLANG_WARN_EMPTY_BODY = YES;
				CLANG_WARN_ENUM_CONVERSION = YES;
				CLANG_WARN_INFINITE_RECURSION = YES;
				CLANG_WARN_INT_CONVERSION = YES;
				CLANG_WARN_NON_LITERAL_NULL_CONVERSION = YES;
				CLANG_WARN_OBJC_IMPLICIT_RETAIN_SELF = YES;
				CLANG_WARN_OBJC_LITERAL_CONVERSION = YES;
				CLANG_WARN_OBJC_ROOT_CLASS = YES_ERROR;
				CLANG_WARN_RANGE_LOOP_ANALYSIS = YES;
				CLANG_WARN_STRICT_PROTOTYPES = YES;
				CLANG_WARN_SUSPICIOUS_MOVE = YES;
				CLANG_WARN_UNGUARDED_AVAILABILITY = YES_AGGRESSIVE;
				CLANG_WARN_UNREACHABLE_CODE = YES;
				CLANG_WARN__DUPLICATE_METHOD_MATCH = YES;
				CODE_SIGN_IDENTITY = "iPhone Developer";
				COPY_PHASE_STRIP = NO;
				DEBUG_INFORMATION_FORMAT = "dwarf-with-dsym";
				ENABLE_NS_ASSERTIONS = NO;
				ENABLE_STRICT_OBJC_MSGSEND = YES;
				GCC_C_LANGUAGE_STANDARD = gnu11;
				GCC_NO_COMMON_BLOCKS = YES;
				GCC_WARN_64_TO_32_BIT_CONVERSION = YES;
				GCC_WARN_ABOUT_RETURN_TYPE = YES_ERROR;
				GCC_WARN_UNDECLARED_SELECTOR = YES;
				GCC_WARN_UNINITIALIZED_AUTOS = YES_AGGRESSIVE;
				GCC_WARN_UNUSED_FUNCTION = YES;
				GCC_WARN_UNUSED_VARIABLE = YES;
				IPHONEOS_DEPLOYMENT_TARGET = 11.3;
				MTL_ENABLE_DEBUG_INFO = NO;
				SDKROOT = iphoneos;
				SWIFT_COMPILATION_MODE = wholemodule;
				SWIFT_OPTIMIZATION_LEVEL = "-O";
				VALIDATE_PRODUCT = YES;
			};
			name = Release;
		};
		9C4B291C20B6E72D00EE8A1B /* Debug */ = {
			isa = XCBuildConfiguration;
			baseConfigurationReference = 09BB835A7A2ADA7B5EDFAAC1 /* Pods-LifeHome.debug.xcconfig */;
			buildSettings = {
				ASSETCATALOG_COMPILER_APPICON_NAME = AppIcon;
				CLANG_ENABLE_MODULES = YES;
				CODE_SIGN_STYLE = Automatic;
				DEVELOPMENT_TEAM = W37KBBDQBC;
				INFOPLIST_FILE = "$(SRCROOT)/LifeHome/Plist/Info.plist";
				LD_RUNPATH_SEARCH_PATHS = (
					"$(inherited)",
					"@executable_path/Frameworks",
				);
				PRODUCT_BUNDLE_IDENTIFIER = DevMobile.LifeHome;
				PRODUCT_NAME = "$(TARGET_NAME)";
				SWIFT_OBJC_BRIDGING_HEADER = "LifeHome/LifeHome-Bridging-Header.h";
				SWIFT_OPTIMIZATION_LEVEL = "-Onone";
				SWIFT_VERSION = 4.0;
				TARGETED_DEVICE_FAMILY = 1;
			};
			name = Debug;
		};
		9C4B291D20B6E72D00EE8A1B /* Release */ = {
			isa = XCBuildConfiguration;
			baseConfigurationReference = 837495C06E71305CD57D74D2 /* Pods-LifeHome.release.xcconfig */;
			buildSettings = {
				ASSETCATALOG_COMPILER_APPICON_NAME = AppIcon;
				CLANG_ENABLE_MODULES = YES;
				CODE_SIGN_STYLE = Automatic;
				DEVELOPMENT_TEAM = W37KBBDQBC;
				INFOPLIST_FILE = "$(SRCROOT)/LifeHome/Plist/Info.plist";
				LD_RUNPATH_SEARCH_PATHS = (
					"$(inherited)",
					"@executable_path/Frameworks",
				);
				PRODUCT_BUNDLE_IDENTIFIER = DevMobile.LifeHome;
				PRODUCT_NAME = "$(TARGET_NAME)";
				SWIFT_OBJC_BRIDGING_HEADER = "LifeHome/LifeHome-Bridging-Header.h";
				SWIFT_VERSION = 4.0;
				TARGETED_DEVICE_FAMILY = 1;
			};
			name = Release;
		};
/* End XCBuildConfiguration section */

/* Begin XCConfigurationList section */
		9C4B290420B6E72C00EE8A1B /* Build configuration list for PBXProject "LifeHome" */ = {
			isa = XCConfigurationList;
			buildConfigurations = (
				9C4B291920B6E72D00EE8A1B /* Debug */,
				9C4B291A20B6E72D00EE8A1B /* Release */,
			);
			defaultConfigurationIsVisible = 0;
			defaultConfigurationName = Release;
		};
		9C4B291B20B6E72D00EE8A1B /* Build configuration list for PBXNativeTarget "LifeHome" */ = {
			isa = XCConfigurationList;
			buildConfigurations = (
				9C4B291C20B6E72D00EE8A1B /* Debug */,
				9C4B291D20B6E72D00EE8A1B /* Release */,
			);
			defaultConfigurationIsVisible = 0;
			defaultConfigurationName = Release;
		};
/* End XCConfigurationList section */
	};
	rootObject = 9C4B290120B6E72C00EE8A1B /* Project object */;
}
